
Microsoft Visual Studio Solution File, Format Version 12.00
# Visual Studio Version 16
VisualStudioVersion = 16.0.31515.178
MinimumVisualStudioVersion = 10.0.40219.1
Project("{9A19103F-16F7-4668-BE54-9A1E7A4F7556}") = "unityLesson_CSharp_program", "unityLesson_CSharp_program\unityLesson_CSharp_program.csproj", "{AF1464DA-650F-44F5-B186-410E0D44814F}"
EndProject
Project("{9A19103F-16F7-4668-BE54-9A1E7A4F7556}") = "unity_Lesson_Csharp_Varlables", "unity_Lesson_Csharp_Varlables\unity_Lesson_Csharp_Varlables.csproj", "{BCD8A633-2D28-41EF-9371-671FAD6934CC}"
EndProject
Project("{9A19103F-16F7-4668-BE54-9A1E7A4F7556}") = "Unity_Lesson_Chsarp_IF", "Unity_Lesson_Chsarp_IF\Unity_Lesson_Chsarp_IF.csproj", "{A14733C7-9860-48FB-9071-0813CA2ED839}"
EndProject
Project("{9A19103F-16F7-4668-BE54-9A1E7A4F7556}") = "Unity_Lesson_SSharp_Funcion", "Unity_Lesson_SSharp_Funcion\Unity_Lesson_SSharp_Funcion.csproj", "{81E0376C-F8C9-4241-B673-2864B6343F9F}"
EndProject
Project("{9A19103F-16F7-4668-BE54-9A1E7A4F7556}") = "Unity_Lesson_CSharp_ClassincludingVarableFuncion", "Unity_Lesson_CSharp_ClassincludingVarableFuncion\Unity_Lesson_CSharp_ClassincludingVarableFuncion.csproj", "{E66B4901-DE50-4FBF-84D3-7892886BB437}"
EndProject
Project("{9A19103F-16F7-4668-BE54-9A1E7A4F7556}") = "UnityLesson_CSharp_Class_Object_instance", "UnityLesson_CSharp_Class_Object_instance\UnityLesson_CSharp_Class_Object_instance.csproj", "{8C5FCA10-491E-4EE7-97F0-5C9D6F693C9D}"
EndProject
Project("{9A19103F-16F7-4668-BE54-9A1E7A4F7556}") = "Unity_CSharp_InstantationOfClass", "Unity_CSharp_InstantationOfClass\Unity_CSharp_InstantationOfClass.csproj", "{3FA28EB4-0CBA-47BE-BB86-CCA6E13AFCBB}"
EndProject
Project("{FAE04EC0-301F-11D3-BF4B-00C04F79EFBC}") = "Unity_Lesson_CSharp_ClassExample01", "Unity_Lesson_CSharp_ClassExample01\Unity_Lesson_CSharp_ClassExample01.csproj", "{B89DFB9E-EF57-496C-B07E-D358ED9A3AEA}"
EndProject
Project("{FAE04EC0-301F-11D3-BF4B-00C04F79EFBC}") = "Unity_Lesson_CSharp_StaticExample", "Unity_Lesson_CSharp_StaticExample\Unity_Lesson_CSharp_StaticExample.csproj", "{F5BBB44E-C7DA-414F-91E8-B3B636C81790}"
EndProject
Global
	GlobalSection(SolutionConfigurationPlatforms) = preSolution
		Debug|Any CPU = Debug|Any CPU
		Release|Any CPU = Release|Any CPU
	EndGlobalSection
	GlobalSection(ProjectConfigurationPlatforms) = postSolution
		{AF1464DA-650F-44F5-B186-410E0D44814F}.Debug|Any CPU.ActiveCfg = Debug|Any CPU
		{AF1464DA-650F-44F5-B186-410E0D44814F}.Debug|Any CPU.Build.0 = Debug|Any CPU
		{AF1464DA-650F-44F5-B186-410E0D44814F}.Release|Any CPU.ActiveCfg = Release|Any CPU
		{AF1464DA-650F-44F5-B186-410E0D44814F}.Release|Any CPU.Build.0 = Release|Any CPU
		{BCD8A633-2D28-41EF-9371-671FAD6934CC}.Debug|Any CPU.ActiveCfg = Debug|Any CPU
		{BCD8A633-2D28-41EF-9371-671FAD6934CC}.Debug|Any CPU.Build.0 = Debug|Any CPU
		{BCD8A633-2D28-41EF-9371-671FAD6934CC}.Release|Any CPU.ActiveCfg = Release|Any CPU
		{BCD8A633-2D28-41EF-9371-671FAD6934CC}.Release|Any CPU.Build.0 = Release|Any CPU
		{A14733C7-9860-48FB-9071-0813CA2ED839}.Debug|Any CPU.ActiveCfg = Debug|Any CPU
		{A14733C7-9860-48FB-9071-0813CA2ED839}.Debug|Any CPU.Build.0 = Debug|Any CPU
		{A14733C7-9860-48FB-9071-0813CA2ED839}.Release|Any CPU.ActiveCfg = Release|Any CPU
		{A14733C7-9860-48FB-9071-0813CA2ED839}.Release|Any CPU.Build.0 = Release|Any CPU
		{81E0376C-F8C9-4241-B673-2864B6343F9F}.Debug|Any CPU.ActiveCfg = Debug|Any CPU
		{81E0376C-F8C9-4241-B673-2864B6343F9F}.Debug|Any CPU.Build.0 = Debug|Any CPU
		{81E0376C-F8C9-4241-B673-2864B6343F9F}.Release|Any CPU.ActiveCfg = Release|Any CPU
		{81E0376C-F8C9-4241-B673-2864B6343F9F}.Release|Any CPU.Build.0 = Release|Any CPU
		{E66B4901-DE50-4FBF-84D3-7892886BB437}.Debug|Any CPU.ActiveCfg = Debug|Any CPU
		{E66B4901-DE50-4FBF-84D3-7892886BB437}.Debug|Any CPU.Build.0 = Debug|Any CPU
		{E66B4901-DE50-4FBF-84D3-7892886BB437}.Release|Any CPU.ActiveCfg = Release|Any CPU
		{E66B4901-DE50-4FBF-84D3-7892886BB437}.Release|Any CPU.Build.0 = Release|Any CPU
		{8C5FCA10-491E-4EE7-97F0-5C9D6F693C9D}.Debug|Any CPU.ActiveCfg = Debug|Any CPU
		{8C5FCA10-491E-4EE7-97F0-5C9D6F693C9D}.Debug|Any CPU.Build.0 = Debug|Any CPU
		{8C5FCA10-491E-4EE7-97F0-5C9D6F693C9D}.Release|Any CPU.ActiveCfg = Release|Any CPU
		{8C5FCA10-491E-4EE7-97F0-5C9D6F693C9D}.Release|Any CPU.Build.0 = Release|Any CPU
		{3FA28EB4-0CBA-47BE-BB86-CCA6E13AFCBB}.Debug|Any CPU.ActiveCfg = Debug|Any CPU
		{3FA28EB4-0CBA-47BE-BB86-CCA6E13AFCBB}.Debug|Any CPU.Build.0 = Debug|Any CPU
		{3FA28EB4-0CBA-47BE-BB86-CCA6E13AFCBB}.Release|Any CPU.ActiveCfg = Release|Any CPU
		{3FA28EB4-0CBA-47BE-BB86-CCA6E13AFCBB}.Release|Any CPU.Build.0 = Release|Any CPU
		{B89DFB9E-EF57-496C-B07E-D358ED9A3AEA}.Debug|Any CPU.ActiveCfg = Debug|Any CPU
		{B89DFB9E-EF57-496C-B07E-D358ED9A3AEA}.Debug|Any CPU.Build.0 = Debug|Any CPU
		{B89DFB9E-EF57-496C-B07E-D358ED9A3AEA}.Release|Any CPU.ActiveCfg = Release|Any CPU
		{B89DFB9E-EF57-496C-B07E-D358ED9A3AEA}.Release|Any CPU.Build.0 = Release|Any CPU
		{F5BBB44E-C7DA-414F-91E8-B3B636C81790}.Debug|Any CPU.ActiveCfg = Debug|Any CPU
		{F5BBB44E-C7DA-414F-91E8-B3B636C81790}.Debug|Any CPU.Build.0 = Debug|Any CPU
		{F5BBB44E-C7DA-414F-91E8-B3B636C81790}.Release|Any CPU.ActiveCfg = Release|Any CPU
		{F5BBB44E-C7DA-414F-91E8-B3B636C81790}.Release|Any CPU.Build.0 = Release|Any CPU
	EndGlobalSection
	GlobalSection(SolutionProperties) = preSolution
		HideSolutionNode = FALSE
	EndGlobalSection
	GlobalSection(ExtensibilityGlobals) = postSolution
		SolutionGuid = {1CA7C74E-5EFA-481A-A95F-E7AEEA0C3B01}
	EndGlobalSection
EndGlobal
